
Microsoft Visual Studio Solution File, Format Version 12.00
# Visual Studio Version 17
VisualStudioVersion = 17.5.33627.172
MinimumVisualStudioVersion = 10.0.40219.1
Project("{FAE04EC0-301F-11D3-BF4B-00C04F79EFBC}") = "SistemaAvaliacao", "SistemaAvaliacao\SistemaAvaliacao.csproj", "{2B26FA4E-03CC-4132-B8E4-FAC6081180EF}"
EndProject
Project("{FAE04EC0-301F-11D3-BF4B-00C04F79EFBC}") = "Business", "Business\Business.csproj", "{118FEF3C-5519-4327-A284-A6F663BD7B20}"
EndProject
Project("{FAE04EC0-301F-11D3-BF4B-00C04F79EFBC}") = "Tria.Framework", "Tria.Framework\Tria.Framework.csproj", "{F59E7A31-7ECD-4086-9F8D-F35C22556CD1}"
EndProject
Project("{FAE04EC0-301F-11D3-BF4B-00C04F79EFBC}") = "MonitorEmail", "MonitorEmail\MonitorEmail.csproj", "{5F7A3036-69EE-4CB1-A288-7BD9B579CD8B}"
EndProject
Project("{9A19103F-16F7-4668-BE54-9A1E7A4F7556}") = "SisAval.Upgrades", "SisAval.Upgrades\SisAval.Upgrades.csproj", "{8DF11FA0-133C-47E2-9AA6-C613BA5C0E75}"
EndProject
Global
	GlobalSection(SolutionConfigurationPlatforms) = preSolution
		Debug|Any CPU = Debug|Any CPU
		Release|Any CPU = Release|Any CPU
	EndGlobalSection
	GlobalSection(ProjectConfigurationPlatforms) = postSolution
		{2B26FA4E-03CC-4132-B8E4-FAC6081180EF}.Debug|Any CPU.ActiveCfg = Debug|Any CPU
		{2B26FA4E-03CC-4132-B8E4-FAC6081180EF}.Debug|Any CPU.Build.0 = Debug|Any CPU
		{2B26FA4E-03CC-4132-B8E4-FAC6081180EF}.Release|Any CPU.ActiveCfg = Release|Any CPU
		{2B26FA4E-03CC-4132-B8E4-FAC6081180EF}.Release|Any CPU.Build.0 = Release|Any CPU
		{118FEF3C-5519-4327-A284-A6F663BD7B20}.Debug|Any CPU.ActiveCfg = Debug|Any CPU
		{118FEF3C-5519-4327-A284-A6F663BD7B20}.Debug|Any CPU.Build.0 = Debug|Any CPU
		{118FEF3C-5519-4327-A284-A6F663BD7B20}.Release|Any CPU.ActiveCfg = Release|Any CPU
		{118FEF3C-5519-4327-A284-A6F663BD7B20}.Release|Any CPU.Build.0 = Release|Any CPU
		{F59E7A31-7ECD-4086-9F8D-F35C22556CD1}.Debug|Any CPU.ActiveCfg = Debug|Any CPU
		{F59E7A31-7ECD-4086-9F8D-F35C22556CD1}.Debug|Any CPU.Build.0 = Debug|Any CPU
		{F59E7A31-7ECD-4086-9F8D-F35C22556CD1}.Release|Any CPU.ActiveCfg = Release|Any CPU
		{F59E7A31-7ECD-4086-9F8D-F35C22556CD1}.Release|Any CPU.Build.0 = Release|Any CPU
		{5F7A3036-69EE-4CB1-A288-7BD9B579CD8B}.Debug|Any CPU.ActiveCfg = Debug|Any CPU
		{5F7A3036-69EE-4CB1-A288-7BD9B579CD8B}.Debug|Any CPU.Build.0 = Debug|Any CPU
		{5F7A3036-69EE-4CB1-A288-7BD9B579CD8B}.Release|Any CPU.ActiveCfg = Release|Any CPU
		{5F7A3036-69EE-4CB1-A288-7BD9B579CD8B}.Release|Any CPU.Build.0 = Release|Any CPU
		{8DF11FA0-133C-47E2-9AA6-C613BA5C0E75}.Debug|Any CPU.ActiveCfg = Debug|Any CPU
		{8DF11FA0-133C-47E2-9AA6-C613BA5C0E75}.Debug|Any CPU.Build.0 = Debug|Any CPU
		{8DF11FA0-133C-47E2-9AA6-C613BA5C0E75}.Release|Any CPU.ActiveCfg = Release|Any CPU
		{8DF11FA0-133C-47E2-9AA6-C613BA5C0E75}.Release|Any CPU.Build.0 = Release|Any CPU
	EndGlobalSection
	GlobalSection(SolutionProperties) = preSolution
		HideSolutionNode = FALSE
	EndGlobalSection
	GlobalSection(ExtensibilityGlobals) = postSolution
		SolutionGuid = {9E0A7462-D1AB-4F34-A7DB-F73EBF02B858}
	EndGlobalSection
EndGlobal
